
Microsoft Visual Studio Solution File, Format Version 12.00
# Visual Studio 14
VisualStudioVersion = 14.0.25420.1
MinimumVisualStudioVersion = 10.0.40219.1
Project("{FAE04EC0-301F-11D3-BF4B-00C04F79EFBC}") = "Diploma", "Diploma\Diploma.csproj", "{1CE18854-AA9D-4B66-B520-D499A657964C}"
EndProject
Project("{FAE04EC0-301F-11D3-BF4B-00C04F79EFBC}") = "CSML", "..\..\..\..\..\..\Epam\CSML\CSML.csproj", "{8CD08024-CDBD-4FDB-9B9F-EA35B513BE92}"
EndProject
Project("{FAE04EC0-301F-11D3-BF4B-00C04F79EFBC}") = "InputData_Handling", "InputData_Handling\InputData_Handling.csproj", "{AC638984-361E-4B44-8861-DA4D0B2BBF8F}"
EndProject
Project("{FAE04EC0-301F-11D3-BF4B-00C04F79EFBC}") = "ParticularDataSystem", "ParticularDataSystem\ParticularDataSystem.csproj", "{B0DF0B99-4A6F-46DD-89C8-A6785E538C1A}"
EndProject
Project("{FAE04EC0-301F-11D3-BF4B-00C04F79EFBC}") = "Generator", "Generator\Generator.csproj", "{C5B7FAAF-359B-43AA-A8C6-640C56922BBD}"
EndProject
Global
	GlobalSection(SolutionConfigurationPlatforms) = preSolution
		Debug|Any CPU = Debug|Any CPU
		Release|Any CPU = Release|Any CPU
	EndGlobalSection
	GlobalSection(ProjectConfigurationPlatforms) = postSolution
		{1CE18854-AA9D-4B66-B520-D499A657964C}.Debug|Any CPU.ActiveCfg = Debug|Any CPU
		{1CE18854-AA9D-4B66-B520-D499A657964C}.Debug|Any CPU.Build.0 = Debug|Any CPU
		{1CE18854-AA9D-4B66-B520-D499A657964C}.Release|Any CPU.ActiveCfg = Release|Any CPU
		{1CE18854-AA9D-4B66-B520-D499A657964C}.Release|Any CPU.Build.0 = Release|Any CPU
		{8CD08024-CDBD-4FDB-9B9F-EA35B513BE92}.Debug|Any CPU.ActiveCfg = Debug|Any CPU
		{8CD08024-CDBD-4FDB-9B9F-EA35B513BE92}.Debug|Any CPU.Build.0 = Debug|Any CPU
		{8CD08024-CDBD-4FDB-9B9F-EA35B513BE92}.Release|Any CPU.ActiveCfg = Release|Any CPU
		{8CD08024-CDBD-4FDB-9B9F-EA35B513BE92}.Release|Any CPU.Build.0 = Release|Any CPU
		{AC638984-361E-4B44-8861-DA4D0B2BBF8F}.Debug|Any CPU.ActiveCfg = Debug|Any CPU
		{AC638984-361E-4B44-8861-DA4D0B2BBF8F}.Debug|Any CPU.Build.0 = Debug|Any CPU
		{AC638984-361E-4B44-8861-DA4D0B2BBF8F}.Release|Any CPU.ActiveCfg = Release|Any CPU
		{AC638984-361E-4B44-8861-DA4D0B2BBF8F}.Release|Any CPU.Build.0 = Release|Any CPU
		{B0DF0B99-4A6F-46DD-89C8-A6785E538C1A}.Debug|Any CPU.ActiveCfg = Debug|Any CPU
		{B0DF0B99-4A6F-46DD-89C8-A6785E538C1A}.Debug|Any CPU.Build.0 = Debug|Any CPU
		{B0DF0B99-4A6F-46DD-89C8-A6785E538C1A}.Release|Any CPU.ActiveCfg = Release|Any CPU
		{B0DF0B99-4A6F-46DD-89C8-A6785E538C1A}.Release|Any CPU.Build.0 = Release|Any CPU
		{C5B7FAAF-359B-43AA-A8C6-640C56922BBD}.Debug|Any CPU.ActiveCfg = Debug|Any CPU
		{C5B7FAAF-359B-43AA-A8C6-640C56922BBD}.Debug|Any CPU.Build.0 = Debug|Any CPU
		{C5B7FAAF-359B-43AA-A8C6-640C56922BBD}.Release|Any CPU.ActiveCfg = Release|Any CPU
		{C5B7FAAF-359B-43AA-A8C6-640C56922BBD}.Release|Any CPU.Build.0 = Release|Any CPU
	EndGlobalSection
	GlobalSection(SolutionProperties) = preSolution
		HideSolutionNode = FALSE
	EndGlobalSection
EndGlobal
